
Microsoft Visual Studio Solution File, Format Version 12.00
# Visual Studio Version 17
VisualStudioVersion = 17.1.32210.238
MinimumVisualStudioVersion = 10.0.40219.1
Project("{FAE04EC0-301F-11D3-BF4B-00C04F79EFBC}") = "Thesis-Managemant", "Thesis-Managemant\Thesis-Managemant.csproj", "{B2C3A72D-89B3-433B-A1A1-7A49090094BF}"
EndProject
Global
	GlobalSection(SolutionConfigurationPlatforms) = preSolution
		Debug|Any CPU = Debug|Any CPU
		Release|Any CPU = Release|Any CPU
	EndGlobalSection
	GlobalSection(ProjectConfigurationPlatforms) = postSolution
		{B2C3A72D-89B3-433B-A1A1-7A49090094BF}.Debug|Any CPU.ActiveCfg = Debug|Any CPU
		{B2C3A72D-89B3-433B-A1A1-7A49090094BF}.Debug|Any CPU.Build.0 = Debug|Any CPU
		{B2C3A72D-89B3-433B-A1A1-7A49090094BF}.Release|Any CPU.ActiveCfg = Release|Any CPU
		{B2C3A72D-89B3-433B-A1A1-7A49090094BF}.Release|Any CPU.Build.0 = Release|Any CPU
	EndGlobalSection
	GlobalSection(SolutionProperties) = preSolution
		HideSolutionNode = FALSE
	EndGlobalSection
	GlobalSection(ExtensibilityGlobals) = postSolution
		SolutionGuid = {62BA9E81-4870-4CBB-A7EF-9A4623150DB1}
	EndGlobalSection
EndGlobal
